
Microsoft Visual Studio Solution File, Format Version 12.00
# Visual Studio Version 17
VisualStudioVersion = 17.7.34031.279
MinimumVisualStudioVersion = 10.0.40219.1
Project("{FAE04EC0-301F-11D3-BF4B-00C04F79EFBC}") = "MAUIBlazorRefreshView", "MAUIBlazorRefreshView\MAUIBlazorRefreshView.csproj", "{881C0DF0-DA3A-484C-A290-5AA3CEDE7736}"
EndProject
Global
	GlobalSection(SolutionConfigurationPlatforms) = preSolution
		Debug|Any CPU = Debug|Any CPU
		Release|Any CPU = Release|Any CPU
	EndGlobalSection
	GlobalSection(ProjectConfigurationPlatforms) = postSolution
		{881C0DF0-DA3A-484C-A290-5AA3CEDE7736}.Debug|Any CPU.ActiveCfg = Debug|Any CPU
		{881C0DF0-DA3A-484C-A290-5AA3CEDE7736}.Debug|Any CPU.Build.0 = Debug|Any CPU
		{881C0DF0-DA3A-484C-A290-5AA3CEDE7736}.Debug|Any CPU.Deploy.0 = Debug|Any CPU
		{881C0DF0-DA3A-484C-A290-5AA3CEDE7736}.Release|Any CPU.ActiveCfg = Release|Any CPU
		{881C0DF0-DA3A-484C-A290-5AA3CEDE7736}.Release|Any CPU.Build.0 = Release|Any CPU
		{881C0DF0-DA3A-484C-A290-5AA3CEDE7736}.Release|Any CPU.Deploy.0 = Release|Any CPU
	EndGlobalSection
	GlobalSection(SolutionProperties) = preSolution
		HideSolutionNode = FALSE
	EndGlobalSection
	GlobalSection(ExtensibilityGlobals) = postSolution
		SolutionGuid = {B9F20E8A-E7BE-47EA-8736-D1DC25ECED1A}
	EndGlobalSection
EndGlobal
